
Microsoft Visual Studio Solution File, Format Version 12.00
# Visual Studio 15
VisualStudioVersion = 15.0.28307.329
MinimumVisualStudioVersion = 10.0.40219.1
Project("{FAE04EC0-301F-11D3-BF4B-00C04F79EFBC}") = "ConsoleApp1", "ConsoleApp1\ConsoleApp1.csproj", "{1865B42C-B157-4FF3-A96F-B8F80C56693B}"
EndProject
Global
	GlobalSection(SolutionConfigurationPlatforms) = preSolution
		Debug|Any CPU = Debug|Any CPU
		Release|Any CPU = Release|Any CPU
	EndGlobalSection
	GlobalSection(ProjectConfigurationPlatforms) = postSolution
		{1865B42C-B157-4FF3-A96F-B8F80C56693B}.Debug|Any CPU.ActiveCfg = Debug|Any CPU
		{1865B42C-B157-4FF3-A96F-B8F80C56693B}.Debug|Any CPU.Build.0 = Debug|Any CPU
		{1865B42C-B157-4FF3-A96F-B8F80C56693B}.Release|Any CPU.ActiveCfg = Release|Any CPU
		{1865B42C-B157-4FF3-A96F-B8F80C56693B}.Release|Any CPU.Build.0 = Release|Any CPU
	EndGlobalSection
	GlobalSection(SolutionProperties) = preSolution
		HideSolutionNode = FALSE
	EndGlobalSection
	GlobalSection(ExtensibilityGlobals) = postSolution
		SolutionGuid = {878401C5-5BEF-4B06-8A24-0AECC01B55B3}
	EndGlobalSection
EndGlobal
