
Microsoft Visual Studio Solution File, Format Version 12.00
# Visual Studio 15
VisualStudioVersion = 15.0.28307.329
MinimumVisualStudioVersion = 10.0.40219.1
Project("{FAE04EC0-301F-11D3-BF4B-00C04F79EFBC}") = "ConsoleApp1", "ConsoleApp1\ConsoleApp1.csproj", "{50D19B01-C00C-4720-BF7C-587534119313}"
EndProject
Global
	GlobalSection(SolutionConfigurationPlatforms) = preSolution
		Debug|Any CPU = Debug|Any CPU
		Release|Any CPU = Release|Any CPU
	EndGlobalSection
	GlobalSection(ProjectConfigurationPlatforms) = postSolution
		{50D19B01-C00C-4720-BF7C-587534119313}.Debug|Any CPU.ActiveCfg = Debug|Any CPU
		{50D19B01-C00C-4720-BF7C-587534119313}.Debug|Any CPU.Build.0 = Debug|Any CPU
		{50D19B01-C00C-4720-BF7C-587534119313}.Release|Any CPU.ActiveCfg = Release|Any CPU
		{50D19B01-C00C-4720-BF7C-587534119313}.Release|Any CPU.Build.0 = Release|Any CPU
	EndGlobalSection
	GlobalSection(SolutionProperties) = preSolution
		HideSolutionNode = FALSE
	EndGlobalSection
	GlobalSection(ExtensibilityGlobals) = postSolution
		SolutionGuid = {E4E76BA8-D664-4AD7-AED5-02061F6FFDDA}
	EndGlobalSection
EndGlobal
